
Microsoft Visual Studio Solution File, Format Version 12.00
# Visual Studio Version 16
VisualStudioVersion = 16.0.31702.278
MinimumVisualStudioVersion = 10.0.40219.1
Project("{FAE04EC0-301F-11D3-BF4B-00C04F79EFBC}") = "WCFService_2Way_20190140004", "WCFService_2Way_20190140004\WCFService_2Way_20190140004.csproj", "{8D40E080-8EEF-4057-B6B4-7E924E2FCCE3}"
EndProject
Global
	GlobalSection(SolutionConfigurationPlatforms) = preSolution
		Debug|Any CPU = Debug|Any CPU
		Release|Any CPU = Release|Any CPU
	EndGlobalSection
	GlobalSection(ProjectConfigurationPlatforms) = postSolution
		{8D40E080-8EEF-4057-B6B4-7E924E2FCCE3}.Debug|Any CPU.ActiveCfg = Debug|Any CPU
		{8D40E080-8EEF-4057-B6B4-7E924E2FCCE3}.Debug|Any CPU.Build.0 = Debug|Any CPU
		{8D40E080-8EEF-4057-B6B4-7E924E2FCCE3}.Release|Any CPU.ActiveCfg = Release|Any CPU
		{8D40E080-8EEF-4057-B6B4-7E924E2FCCE3}.Release|Any CPU.Build.0 = Release|Any CPU
	EndGlobalSection
	GlobalSection(SolutionProperties) = preSolution
		HideSolutionNode = FALSE
	EndGlobalSection
	GlobalSection(ExtensibilityGlobals) = postSolution
		SolutionGuid = {7D45B176-9017-488F-8551-FB3FE98E290E}
	EndGlobalSection
EndGlobal
